Microsoft Visual Studio Solution File, Format Version 11.00
# Visual Studio 2008

Project("{357BF351-8359-4518-6B30-F0C29D61BE62}") = "ゼミ", "Assembly-CSharp.csproj", "{A3C74031-609A-3670-CB11-108219C5034C}"
EndProject
Global
	GlobalSection(SolutionConfigurationPlatforms) = preSolution
		Debug|Any CPU = Debug|Any CPU
		Release|Any CPU = Release|Any CPU
	EndGlobalSection
	GlobalSection(ProjectConfigurationPlatforms) = postSolution
		{A3C74031-609A-3670-CB11-108219C5034C}.Debug|Any CPU.ActiveCfg = Debug|Any CPU
		{A3C74031-609A-3670-CB11-108219C5034C}.Debug|Any CPU.Build.0 = Debug|Any CPU
		{A3C74031-609A-3670-CB11-108219C5034C}.Release|Any CPU.ActiveCfg = Release|Any CPU
		{A3C74031-609A-3670-CB11-108219C5034C}.Release|Any CPU.Build.0 = Release|Any CPU
	EndGlobalSection
	GlobalSection(SolutionProperties) = preSolution
		HideSolutionNode = FALSE
	EndGlobalSection
	GlobalSection(MonoDevelopProperties) = preSolution
		StartupItem = Assembly-CSharp.csproj
	EndGlobalSection
EndGlobal
